
Microsoft Visual Studio Solution File, Format Version 12.00
# Visual Studio Version 17
VisualStudioVersion = 17.12.35527.113
MinimumVisualStudioVersion = 10.0.40219.1
Project("{FAE04EC0-301F-11D3-BF4B-00C04F79EFBC}") = "Kerajel.TabularDataReader", "Kerajel.TabularDataReader\Kerajel.TabularDataReader.csproj", "{8A1FF8FE-D245-4E55-981F-5F04CE8D6AF8}"
EndProject
Project("{FAE04EC0-301F-11D3-BF4B-00C04F79EFBC}") = "Kerajel.TabularDataReader.Tests", "Kerajel.TabularDataReader.Tests\Kerajel.TabularDataReader.Tests.csproj", "{268B2161-011F-47BA-88D5-95DB0F35C2B7}"
EndProject
Global
	GlobalSection(SolutionConfigurationPlatforms) = preSolution
		Debug|Any CPU = Debug|Any CPU
		Release|Any CPU = Release|Any CPU
	EndGlobalSection
	GlobalSection(ProjectConfigurationPlatforms) = postSolution
		{8A1FF8FE-D245-4E55-981F-5F04CE8D6AF8}.Debug|Any CPU.ActiveCfg = Debug|x86
		{8A1FF8FE-D245-4E55-981F-5F04CE8D6AF8}.Debug|Any CPU.Build.0 = Debug|x86
		{8A1FF8FE-D245-4E55-981F-5F04CE8D6AF8}.Release|Any CPU.ActiveCfg = Release|Any CPU
		{8A1FF8FE-D245-4E55-981F-5F04CE8D6AF8}.Release|Any CPU.Build.0 = Release|Any CPU
		{268B2161-011F-47BA-88D5-95DB0F35C2B7}.Debug|Any CPU.ActiveCfg = Debug|x86
		{268B2161-011F-47BA-88D5-95DB0F35C2B7}.Debug|Any CPU.Build.0 = Debug|x86
		{268B2161-011F-47BA-88D5-95DB0F35C2B7}.Release|Any CPU.ActiveCfg = Release|Any CPU
		{268B2161-011F-47BA-88D5-95DB0F35C2B7}.Release|Any CPU.Build.0 = Release|Any CPU
	EndGlobalSection
	GlobalSection(SolutionProperties) = preSolution
		HideSolutionNode = FALSE
	EndGlobalSection
EndGlobal
